{
  "name": "UTBDSOC-website",
  "lockfileVersion": 3,
  "requires": true,
  "packages": {
    "": {
      "dependencies": {
        "react-use-measure": "^2.1.7"
      }
    },
    "node_modules/react": {
      "version": "19.1.1",
      "resolved": "https://registry.npmjs.org/react/-/react-19.1.1.tgz",
      "integrity": "sha512-w8nqGImo45dmMIfljjMwOGtbmC/mk4CMYhWIicdSflH91J9TyCyczcPFXJzrZ/ZXcgGRFeP6BU0BEJTw6tZdfQ==",
      "peer": true,
      "engines": {
        "node": ">=0.10.0"
      }
    },
    "node_modules/react-use-measure": {
      "version": "2.1.7",
      "resolved": "https://registry.npmjs.org/react-use-measure/-/react-use-measure-2.1.7.tgz",
      "integrity": "sha512-KrvcAo13I/60HpwGO5jpW7E9DfusKyLPLvuHlUyP5zqnmAPhNc6qTRjUQrdTADl0lpPpDVU2/Gg51UlOGHXbdg==",
      "peerDependencies": {
        "react": ">=16.13",
        "react-dom": ">=16.13"
      },
      "peerDependenciesMeta": {
        "react-dom": {
          "optional": true
        }
      }
    }
  }
}
